
Microsoft Visual Studio Solution File, Format Version 12.00
# Visual Studio Version 17
VisualStudioVersion = 17.5.33414.496
MinimumVisualStudioVersion = 10.0.40219.1
Project("{FAE04EC0-301F-11D3-BF4B-00C04F79EFBC}") = "jb_tools", "jb_tools\jb_tools.csproj", "{CBD4498E-20B5-4312-A1D0-FB79F29CB03B}"
EndProject
Global
	GlobalSection(SolutionConfigurationPlatforms) = preSolution
		Debug|Any CPU = Debug|Any CPU
		Release|Any CPU = Release|Any CPU
	EndGlobalSection
	GlobalSection(ProjectConfigurationPlatforms) = postSolution
		{CBD4498E-20B5-4312-A1D0-FB79F29CB03B}.Debug|Any CPU.ActiveCfg = Debug|Any CPU
		{CBD4498E-20B5-4312-A1D0-FB79F29CB03B}.Debug|Any CPU.Build.0 = Debug|Any CPU
		{CBD4498E-20B5-4312-A1D0-FB79F29CB03B}.Release|Any CPU.ActiveCfg = Release|Any CPU
		{CBD4498E-20B5-4312-A1D0-FB79F29CB03B}.Release|Any CPU.Build.0 = Release|Any CPU
	EndGlobalSection
	GlobalSection(SolutionProperties) = preSolution
		HideSolutionNode = FALSE
	EndGlobalSection
	GlobalSection(ExtensibilityGlobals) = postSolution
		SolutionGuid = {DCCD3E7F-F798-4626-8B7C-DB27DFE32F40}
	EndGlobalSection
EndGlobal
